// !$*UTF8*$!
{
	archiveVersion = 1;
	classes = {
	};
	objectVersion = 50;
	objects = {

/* Begin PBXBuildFile section */
		3D0D7D5E27DC00F70085986D /* AppDelegate.swift in Sources */ = {isa = PBXBuildFile; fileRef = 3D0D7D5D27DC00F70085986D /* AppDelegate.swift */; };
		3D0D7D6027DC00F70085986D /* ViewController.swift in Sources */ = {isa = PBXBuildFile; fileRef = 3D0D7D5F27DC00F70085986D /* ViewController.swift */; };
		3D0D7D6327DC00F70085986D /* Main.storyboard in Resources */ = {isa = PBXBuildFile; fileRef = 3D0D7D6127DC00F70085986D /* Main.storyboard */; };
		3D0D7D6527DC00FA0085986D /* Assets.xcassets in Resources */ = {isa = PBXBuildFile; fileRef = 3D0D7D6427DC00FA0085986D /* Assets.xcassets */; };
		3D0D7D6827DC00FB0085986D /* LaunchScreen.storyboard in Resources */ = {isa = PBXBuildFile; fileRef = 3D0D7D6627DC00FB0085986D /* LaunchScreen.storyboard */; };
		3D0D7D7327DC00FB0085986D /* EnsuestaTests.swift in Sources */ = {isa = PBXBuildFile; fileRef = 3D0D7D7227DC00FB0085986D /* EnsuestaTests.swift */; };
		3D0D7D7E27DC00FB0085986D /* EnsuestaUITests.swift in Sources */ = {isa = PBXBuildFile; fileRef = 3D0D7D7D27DC00FB0085986D /* EnsuestaUITests.swift */; };
		3D0D7D8D27DC32DD0085986D /* radio-button2.png in Resources */ = {isa = PBXBuildFile; fileRef = 3D0D7D8B27DC32DD0085986D /* radio-button2.png */; };
		3D0D7D8E27DC32DD0085986D /* radio-button1.png in Resources */ = {isa = PBXBuildFile; fileRef = 3D0D7D8C27DC32DD0085986D /* radio-button1.png */; };
/* End PBXBuildFile section */

/* Begin PBXContainerItemProxy section */
		3D0D7D6F27DC00FB0085986D /* PBXContainerItemProxy */ = {
			isa = PBXContainerItemProxy;
			containerPortal = 3D0D7D5227DC00F70085986D /* Project object */;
			proxyType = 1;
			remoteGlobalIDString = 3D0D7D5927DC00F70085986D;
			remoteInfo = Ensuesta;
		};
		3D0D7D7A27DC00FB0085986D /* PBXContainerItemProxy */ = {
			isa = PBXContainerItemProxy;
			containerPortal = 3D0D7D5227DC00F70085986D /* Project object */;
			proxyType = 1;
			remoteGlobalIDString = 3D0D7D5927DC00F70085986D;
			remoteInfo = Ensuesta;
		};
/* End PBXContainerItemProxy section */

/* Begin PBXFileReference section */
		3D0D7D5A27DC00F70085986D /* Ensuesta.app */ = {isa = PBXFileReference; explicitFileType = wrapper.application; includeInIndex = 0; path = Ensuesta.app; sourceTree = BUILT_PRODUCTS_DIR; };
		3D0D7D5D27DC00F70085986D /* AppDelegate.swift */ = {isa = PBXFileReference; lastKnownFileType = sourcecode.swift; path = AppDelegate.swift; sourceTree = "<group>"; };
		3D0D7D5F27DC00F70085986D /* ViewController.swift */ = {isa = PBXFileReference; lastKnownFileType = sourcecode.swift; path = ViewController.swift; sourceTree = "<group>"; };
		3D0D7D6227DC00F70085986D /* Base */ = {isa = PBXFileReference; lastKnownFileType = file.storyboard; name = Base; path = Base.lproj/Main.storyboard; sourceTree = "<group>"; };
		3D0D7D6427DC00FA0085986D /* Assets.xcassets */ = {isa = PBXFileReference; lastKnownFileType = folder.assetcatalog; path = Assets.xcassets; sourceTree = "<group>"; };
		3D0D7D6727DC00FB0085986D /* Base */ = {isa = PBXFileReference; lastKnownFileType = file.storyboard; name = Base; path = Base.lproj/LaunchScreen.storyboard; sourceTree = "<group>"; };
		3D0D7D6927DC00FB0085986D /* Info.plist */ = {isa = PBXFileReference; lastKnownFileType = text.plist.xml; path = Info.plist; sourceTree = "<group>"; };
		3D0D7D6E27DC00FB0085986D /* EnsuestaTests.xctest */ = {isa = PBXFileReference; explicitFileType = wrapper.cfbundle; includeInIndex = 0; path = EnsuestaTests.xctest; sourceTree = BUILT_PRODUCTS_DIR; };
		3D0D7D7227DC00FB0085986D /* EnsuestaTests.swift */ = {isa = PBXFileReference; lastKnownFileType = sourcecode.swift; path = EnsuestaTests.swift; sourceTree = "<group>"; };
		3D0D7D7427DC00FB0085986D /* Info.plist */ = {isa = PBXFileReference; lastKnownFileType = text.plist.xml; path = Info.plist; sourceTree = "<group>"; };
		3D0D7D7927DC00FB0085986D /* EnsuestaUITests.xctest */ = {isa = PBXFileReference; explicitFileType = wrapper.cfbundle; includeInIndex = 0; path = EnsuestaUITests.xctest; sourceTree = BUILT_PRODUCTS_DIR; };
		3D0D7D7D27DC00FB0085986D /* EnsuestaUITests.swift */ = {isa = PBXFileReference; lastKnownFileType = sourcecode.swift; path = EnsuestaUITests.swift; sourceTree = "<group>"; };
		3D0D7D7F27DC00FB0085986D /* Info.plist */ = {isa = PBXFileReference; lastKnownFileType = text.plist.xml; path = Info.plist; sourceTree = "<group>"; };
		3D0D7D8B27DC32DD0085986D /* radio-button2.png */ = {isa = PBXFileReference; lastKnownFileType = image.png; path = "radio-button2.png"; sourceTree = "<group>"; };
		3D0D7D8C27DC32DD0085986D /* radio-button1.png */ = {isa = PBXFileReference; lastKnownFileType = image.png; path = "radio-button1.png"; sourceTree = "<group>"; };
/* End PBXFileReference section */

/* Begin PBXFrameworksBuildPhase section */
		3D0D7D5727DC00F70085986D /* Frameworks */ = {
			isa = PBXFrameworksBuildPhase;
			buildActionMask = 2147483647;
			files = (
			);
			runOnlyForDeploymentPostprocessing = 0;
		};
		3D0D7D6B27DC00FB0085986D /* Frameworks */ = {
			isa = PBXFrameworksBuildPhase;
			buildActionMask = 2147483647;
			files = (
			);
			runOnlyForDeploymentPostprocessing = 0;
		};
		3D0D7D7627DC00FB0085986D /* Frameworks */ = {
			isa = PBXFrameworksBuildPhase;
			buildActionMask = 2147483647;
			files = (
			);
			runOnlyForDeploymentPostprocessing = 0;
		};
/* End PBXFrameworksBuildPhase section */

/* Begin PBXGroup section */
		3D0D7D5127DC00F70085986D = {
			isa = PBXGroup;
			children = (
				3D0D7D5C27DC00F70085986D /* Ensuesta */,
				3D0D7D7127DC00FB0085986D /* EnsuestaTests */,
				3D0D7D7C27DC00FB0085986D /* EnsuestaUITests */,
				3D0D7D5B27DC00F70085986D /* Products */,
			);
			sourceTree = "<group>";
		};
		3D0D7D5B27DC00F70085986D /* Products */ = {
			isa = PBXGroup;
			children = (
				3D0D7D5A27DC00F70085986D /* Ensuesta.app */,
				3D0D7D6E27DC00FB0085986D /* EnsuestaTests.xctest */,
				3D0D7D7927DC00FB0085986D /* EnsuestaUITests.xctest */,
			);
			name = Products;
			sourceTree = "<group>";
		};
		3D0D7D5C27DC00F70085986D /* Ensuesta */ = {
			isa = PBXGroup;
			children = (
				3D0D7D5D27DC00F70085986D /* AppDelegate.swift */,
				3D0D7D5F27DC00F70085986D /* ViewController.swift */,
				3D0D7D6127DC00F70085986D /* Main.storyboard */,
				3D0D7D6427DC00FA0085986D /* Assets.xcassets */,
				3D0D7D6627DC00FB0085986D /* LaunchScreen.storyboard */,
				3D0D7D6927DC00FB0085986D /* Info.plist */,
				3D0D7D8C27DC32DD0085986D /* radio-button1.png */,
				3D0D7D8B27DC32DD0085986D /* radio-button2.png */,
			);
			path = Ensuesta;
			sourceTree = "<group>";
		};
		3D0D7D7127DC00FB0085986D /* EnsuestaTests */ = {
			isa = PBXGroup;
			children = (
				3D0D7D7227DC00FB0085986D /* EnsuestaTests.swift */,
				3D0D7D7427DC00FB0085986D /* Info.plist */,
			);
			path = EnsuestaTests;
			sourceTree = "<group>";
		};
		3D0D7D7C27DC00FB0085986D /* EnsuestaUITests */ = {
			isa = PBXGroup;
			children = (
				3D0D7D7D27DC00FB0085986D /* EnsuestaUITests.swift */,
				3D0D7D7F27DC00FB0085986D /* Info.plist */,
			);
			path = EnsuestaUITests;
			sourceTree = "<group>";
		};
/* End PBXGroup section */

/* Begin PBXNativeTarget section */
		3D0D7D5927DC00F70085986D /* Ensuesta */ = {
			isa = PBXNativeTarget;
			buildConfigurationList = 3D0D7D8227DC00FB0085986D /* Build configuration list for PBXNativeTarget "Ensuesta" */;
			buildPhases = (
				3D0D7D5627DC00F70085986D /* Sources */,
				3D0D7D5727DC00F70085986D /* Frameworks */,
				3D0D7D5827DC00F70085986D /* Resources */,
			);
			buildRules = (
			);
			dependencies = (
			);
			name = Ensuesta;
			productName = Ensuesta;
			productReference = 3D0D7D5A27DC00F70085986D /* Ensuesta.app */;
			productType = "com.apple.product-type.application";
		};
		3D0D7D6D27DC00FB0085986D /* EnsuestaTests */ = {
			isa = PBXNativeTarget;
			buildConfigurationList = 3D0D7D8527DC00FB0085986D /* Build configuration list for PBXNativeTarget "EnsuestaTests" */;
			buildPhases = (
				3D0D7D6A27DC00FB0085986D /* Sources */,
				3D0D7D6B27DC00FB0085986D /* Frameworks */,
				3D0D7D6C27DC00FB0085986D /* Resources */,
			);
			buildRules = (
			);
			dependencies = (
				3D0D7D7027DC00FB0085986D /* PBXTargetDependency */,
			);
			name = EnsuestaTests;
			productName = EnsuestaTests;
			productReference = 3D0D7D6E27DC00FB0085986D /* EnsuestaTests.xctest */;
			productType = "com.apple.product-type.bundle.unit-test";
		};
		3D0D7D7827DC00FB0085986D /* EnsuestaUITests */ = {
			isa = PBXNativeTarget;
			buildConfigurationList = 3D0D7D8827DC00FB0085986D /* Build configuration list for PBXNativeTarget "EnsuestaUITests" */;
			buildPhases = (
				3D0D7D7527DC00FB0085986D /* Sources */,
				3D0D7D7627DC00FB0085986D /* Frameworks */,
				3D0D7D7727DC00FB0085986D /* Resources */,
			);
			buildRules = (
			);
			dependencies = (
				3D0D7D7B27DC00FB0085986D /* PBXTargetDependency */,
			);
			name = EnsuestaUITests;
			productName = EnsuestaUITests;
			productReference = 3D0D7D7927DC00FB0085986D /* EnsuestaUITests.xctest */;
			productType = "com.apple.product-type.bundle.ui-testing";
		};
/* End PBXNativeTarget section */

/* Begin PBXProject section */
		3D0D7D5227DC00F70085986D /* Project object */ = {
			isa = PBXProject;
			attributes = {
				LastSwiftUpdateCheck = 1030;
				LastUpgradeCheck = 1030;
				ORGANIZATIONNAME = Alumno;
				TargetAttributes = {
					3D0D7D5927DC00F70085986D = {
						CreatedOnToolsVersion = 10.3;
					};
					3D0D7D6D27DC00FB0085986D = {
						CreatedOnToolsVersion = 10.3;
						TestTargetID = 3D0D7D5927DC00F70085986D;
					};
					3D0D7D7827DC00FB0085986D = {
						CreatedOnToolsVersion = 10.3;
						TestTargetID = 3D0D7D5927DC00F70085986D;
					};
				};
			};
			buildConfigurationList = 3D0D7D5527DC00F70085986D /* Build configuration list for PBXProject "Ensuesta" */;
			compatibilityVersion = "Xcode 9.3";
			developmentRegion = en;
			hasScannedForEncodings = 0;
			knownRegions = (
				en,
				Base,
			);
			mainGroup = 3D0D7D5127DC00F70085986D;
			productRefGroup = 3D0D7D5B27DC00F70085986D /* Products */;
			projectDirPath = "";
			projectRoot = "";
			targets = (
				3D0D7D5927DC00F70085986D /* Ensuesta */,
				3D0D7D6D27DC00FB0085986D /* EnsuestaTests */,
				3D0D7D7827DC00FB0085986D /* EnsuestaUITests */,
			);
		};
/* End PBXProject section */

/* Begin PBXResourcesBuildPhase section */
		3D0D7D5827DC00F70085986D /* Resources */ = {
			isa = PBXResourcesBuildPhase;
			buildActionMask = 2147483647;
			files = (
				3D0D7D6827DC00FB0085986D /* LaunchScreen.storyboard in Resources */,
				3D0D7D6527DC00FA0085986D /* Assets.xcassets in Resources */,
				3D0D7D8D27DC32DD0085986D /* radio-button2.png in Resources */,
				3D0D7D8E27DC32DD0085986D /* radio-button1.png in Resources */,
				3D0D7D6327DC00F70085986D /* Main.storyboard in Resources */,
			);
			runOnlyForDeploymentPostprocessing = 0;
		};
		3D0D7D6C27DC00FB0085986D /* Resources */ = {
			isa = PBXResourcesBuildPhase;
			buildActionMask = 2147483647;
			files = (
			);
			runOnlyForDeploymentPostprocessing = 0;
		};
		3D0D7D7727DC00FB0085986D /* Resources */ = {
			isa = PBXResourcesBuildPhase;
			buildActionMask = 2147483647;
			files = (
			);
			runOnlyForDeploymentPostprocessing = 0;
		};
/* End PBXResourcesBuildPhase section */

/* Begin PBXSourcesBuildPhase section */
		3D0D7D5627DC00F70085986D /* Sources */ = {
			isa = PBXSourcesBuildPhase;
			buildActionMask = 2147483647;
			files = (
				3D0D7D6027DC00F70085986D /* ViewController.swift in Sources */,
				3D0D7D5E27DC00F70085986D /* AppDelegate.swift in Sources */,
			);
			runOnlyForDeploymentPostprocessing = 0;
		};
		3D0D7D6A27DC00FB0085986D /* Sources */ = {
			isa = PBXSourcesBuildPhase;
			buildActionMask = 2147483647;
			files = (
				3D0D7D7327DC00FB0085986D /* EnsuestaTests.swift in Sources */,
			);
			runOnlyForDeploymentPostprocessing = 0;
		};
		3D0D7D7527DC00FB0085986D /* Sources */ = {
			isa = PBXSourcesBuildPhase;
			buildActionMask = 2147483647;
			files = (
				3D0D7D7E27DC00FB0085986D /* EnsuestaUITests.swift in Sources */,
			);
			runOnlyForDeploymentPostprocessing = 0;
		};
/* End PBXSourcesBuildPhase section */

/* Begin PBXTargetDependency section */
		3D0D7D7027DC00FB0085986D /* PBXTargetDependency */ = {
			isa = PBXTargetDependency;
			target = 3D0D7D5927DC00F70085986D /* Ensuesta */;
			targetProxy = 3D0D7D6F27DC00FB0085986D /* PBXContainerItemProxy */;
		};
		3D0D7D7B27DC00FB0085986D /* PBXTargetDependency */ = {
			isa = PBXTargetDependency;
			target = 3D0D7D5927DC00F70085986D /* Ensuesta */;
			targetProxy = 3D0D7D7A27DC00FB0085986D /* PBXContainerItemProxy */;
		};
/* End PBXTargetDependency section */

/* Begin PBXVariantGroup section */
		3D0D7D6127DC00F70085986D /* Main.storyboard */ = {
			isa = PBXVariantGroup;
			children = (
				3D0D7D6227DC00F70085986D /* Base */,
			);
			name = Main.storyboard;
			sourceTree = "<group>";
		};
		3D0D7D6627DC00FB0085986D /* LaunchScreen.storyboard */ = {
			isa = PBXVariantGroup;
			children = (
				3D0D7D6727DC00FB0085986D /* Base */,
			);
			name = LaunchScreen.storyboard;
			sourceTree = "<group>";
		};
/* End PBXVariantGroup section */

/* Begin XCBuildConfiguration section */
		3D0D7D8027DC00FB0085986D /* Debug */ = {
			isa = XCBuildConfiguration;
			buildSettings = {
				ALWAYS_SEARCH_USER_PATHS = NO;
				CLANG_ANALYZER_NONNULL = YES;
				CLANG_ANALYZER_NUMBER_OBJECT_CONVERSION = YES_AGGRESSIVE;
				CLANG_CXX_LANGUAGE_STANDARD = "gnu++14";
				CLANG_CXX_LIBRARY = "libc++";
				CLANG_ENABLE_MODULES = YES;
				CLANG_ENABLE_OBJC_ARC = YES;
				CLANG_ENABLE_OBJC_WEAK = YES;
				CLANG_WARN_BLOCK_CAPTURE_AUTORELEASING = YES;
				CLANG_WARN_BOOL_CONVERSION = YES;
				CLANG_WARN_COMMA = YES;
				CLANG_WARN_CONSTANT_CONVERSION = YES;
				CLANG_WARN_DEPRECATED_OBJC_IMPLEMENTATIONS = YES;
				CLANG_WARN_DIRECT_OBJC_ISA_USAGE = YES_ERROR;
				CLANG_WARN_DOCUMENTATION_COMMENTS = YES;
				CLANG_WARN_EMPTY_BODY = YES;
				CLANG_WARN_ENUM_CONVERSION = YES;
				CLANG_WARN_INFINITE_RECURSION = YES;
				CLANG_WARN_INT_CONVERSION = YES;
				CLANG_WARN_NON_LITERAL_NULL_CONVERSION = YES;
				CLANG_WARN_OBJC_IMPLICIT_RETAIN_SELF = YES;
				CLANG_WARN_OBJC_LITERAL_CONVERSION = YES;
				CLANG_WARN_OBJC_ROOT_CLASS = YES_ERROR;
				CLANG_WARN_RANGE_LOOP_ANALYSIS = YES;
				CLANG_WARN_STRICT_PROTOTYPES = YES;
				CLANG_WARN_SUSPICIOUS_MOVE = YES;
				CLANG_WARN_UNGUARDED_AVAILABILITY = YES_AGGRESSIVE;
				CLANG_WARN_UNREACHABLE_CODE = YES;
				CLANG_WARN__DUPLICATE_METHOD_MATCH = YES;
				CODE_SIGN_IDENTITY = "iPhone Developer";
				COPY_PHASE_STRIP = NO;
				DEBUG_INFORMATION_FORMAT = dwarf;
				ENABLE_STRICT_OBJC_MSGSEND = YES;
				ENABLE_TESTABILITY = YES;
				GCC_C_LANGUAGE_STANDARD = gnu11;
				GCC_DYNAMIC_NO_PIC = NO;
				GCC_NO_COMMON_BLOCKS = YES;
				GCC_OPTIMIZATION_LEVEL = 0;
				GCC_PREPROCESSOR_DEFINITIONS = (
					"DEBUG=1",
					"$(inherited)",
				);
				GCC_WARN_64_TO_32_BIT_CONVERSION = YES;
				GCC_WARN_ABOUT_RETURN_TYPE = YES_ERROR;
				GCC_WARN_UNDECLARED_SELECTOR = YES;
				GCC_WARN_UNINITIALIZED_AUTOS = YES_AGGRESSIVE;
				GCC_WARN_UNUSED_FUNCTION = YES;
				GCC_WARN_UNUSED_VARIABLE = YES;
				IPHONEOS_DEPLOYMENT_TARGET = 12.4;
				MTL_ENABLE_DEBUG_INFO = INCLUDE_SOURCE;
				MTL_FAST_MATH = YES;
				ONLY_ACTIVE_ARCH = YES;
				SDKROOT = iphoneos;
				SWIFT_ACTIVE_COMPILATION_CONDITIONS = DEBUG;
				SWIFT_OPTIMIZATION_LEVEL = "-Onone";
			};
			name = Debug;
		};
		3D0D7D8127DC00FB0085986D /* Release */ = {
			isa = XCBuildConfiguration;
			buildSettings = {
				ALWAYS_SEARCH_USER_PATHS = NO;
				CLANG_ANALYZER_NONNULL = YES;
				CLANG_ANALYZER_NUMBER_OBJECT_CONVERSION = YES_AGGRESSIVE;
				CLANG_CXX_LANGUAGE_STANDARD = "gnu++14";
				CLANG_CXX_LIBRARY = "libc++";
				CLANG_ENABLE_MODULES = YES;
				CLANG_ENABLE_OBJC_ARC = YES;
				CLANG_ENABLE_OBJC_WEAK = YES;
				CLANG_WARN_BLOCK_CAPTURE_AUTORELEASING = YES;
				CLANG_WARN_BOOL_CONVERSION = YES;
				CLANG_WARN_COMMA = YES;
				CLANG_WARN_CONSTANT_CONVERSION = YES;
				CLANG_WARN_DEPRECATED_OBJC_IMPLEMENTATIONS = YES;
				CLANG_WARN_DIRECT_OBJC_ISA_USAGE = YES_ERROR;
				CLANG_WARN_DOCUMENTATION_COMMENTS = YES;
				CLANG_WARN_EMPTY_BODY = YES;
				CLANG_WARN_ENUM_CONVERSION = YES;
				CLANG_WARN_INFINITE_RECURSION = YES;
				CLANG_WARN_INT_CONVERSION = YES;
				CLANG_WARN_NON_LITERAL_NULL_CONVERSION = YES;
				CLANG_WARN_OBJC_IMPLICIT_RETAIN_SELF = YES;
				CLANG_WARN_OBJC_LITERAL_CONVERSION = YES;
				CLANG_WARN_OBJC_ROOT_CLASS = YES_ERROR;
				CLANG_WARN_RANGE_LOOP_ANALYSIS = YES;
				CLANG_WARN_STRICT_PROTOTYPES = YES;
				CLANG_WARN_SUSPICIOUS_MOVE = YES;
				CLANG_WARN_UNGUARDED_AVAILABILITY = YES_AGGRESSIVE;
				CLANG_WARN_UNREACHABLE_CODE = YES;
				CLANG_WARN__DUPLICATE_METHOD_MATCH = YES;
				CODE_SIGN_IDENTITY = "iPhone Developer";
				COPY_PHASE_STRIP = NO;
				DEBUG_INFORMATION_FORMAT = "dwarf-with-dsym";
				ENABLE_NS_ASSERTIONS = NO;
				ENABLE_STRICT_OBJC_MSGSEND = YES;
				GCC_C_LANGUAGE_STANDARD = gnu11;
				GCC_NO_COMMON_BLOCKS = YES;
				GCC_WARN_64_TO_32_BIT_CONVERSION = YES;
				GCC_WARN_ABOUT_RETURN_TYPE = YES_ERROR;
				GCC_WARN_UNDECLARED_SELECTOR = YES;
				GCC_WARN_UNINITIALIZED_AUTOS = YES_AGGRESSIVE;
				GCC_WARN_UNUSED_FUNCTION = YES;
				GCC_WARN_UNUSED_VARIABLE = YES;
				IPHONEOS_DEPLOYMENT_TARGET = 12.4;
				MTL_ENABLE_DEBUG_INFO = NO;
				MTL_FAST_MATH = YES;
				SDKROOT = iphoneos;
				SWIFT_COMPILATION_MODE = wholemodule;
				SWIFT_OPTIMIZATION_LEVEL = "-O";
				VALIDATE_PRODUCT = YES;
			};
			name = Release;
		};
		3D0D7D8327DC00FB0085986D /* Debug */ = {
			isa = XCBuildConfiguration;
			buildSettings = {
				ASSETCATALOG_COMPILER_APPICON_NAME = AppIcon;
				CODE_SIGN_STYLE = Automatic;
				INFOPLIST_FILE = Ensuesta/Info.plist;
				LD_RUNPATH_SEARCH_PATHS = (
					"$(inherited)",
					"@executable_path/Frameworks",
				);
				PRODUCT_BUNDLE_IDENTIFIER = edu.ulsa.Ensuesta;
				PRODUCT_NAME = "$(TARGET_NAME)";
				SWIFT_VERSION = 5.0;
				TARGETED_DEVICE_FAMILY = "1,2";
			};
			name = Debug;
		};
		3D0D7D8427DC00FB0085986D /* Release */ = {
			isa = XCBuildConfiguration;
			buildSettings = {
				ASSETCATALOG_COMPILER_APPICON_NAME = AppIcon;
				CODE_SIGN_STYLE = Automatic;
				INFOPLIST_FILE = Ensuesta/Info.plist;
				LD_RUNPATH_SEARCH_PATHS = (
					"$(inherited)",
					"@executable_path/Frameworks",
				);
				PRODUCT_BUNDLE_IDENTIFIER = edu.ulsa.Ensuesta;
				PRODUCT_NAME = "$(TARGET_NAME)";
				SWIFT_VERSION = 5.0;
				TARGETED_DEVICE_FAMILY = "1,2";
			};
			name = Release;
		};
		3D0D7D8627DC00FB0085986D /* Debug */ = {
			isa = XCBuildConfiguration;
			buildSettings = {
				ALWAYS_EMBED_SWIFT_STANDARD_LIBRARIES = YES;
				BUNDLE_LOADER = "$(TEST_HOST)";
				CODE_SIGN_STYLE = Automatic;
				INFOPLIST_FILE = EnsuestaTests/Info.plist;
				LD_RUNPATH_SEARCH_PATHS = (
					"$(inherited)",
					"@executable_path/Frameworks",
					"@loader_path/Frameworks",
				);
				PRODUCT_BUNDLE_IDENTIFIER = edu.ulsa.EnsuestaTests;
				PRODUCT_NAME = "$(TARGET_NAME)";
				SWIFT_VERSION = 5.0;
				TARGETED_DEVICE_FAMILY = "1,2";
				TEST_HOST = "$(BUILT_PRODUCTS_DIR)/Ensuesta.app/Ensuesta";
			};
			name = Debug;
		};
		3D0D7D8727DC00FB0085986D /* Release */ = {
			isa = XCBuildConfiguration;
			buildSettings = {
				ALWAYS_EMBED_SWIFT_STANDARD_LIBRARIES = YES;
				BUNDLE_LOADER = "$(TEST_HOST)";
				CODE_SIGN_STYLE = Automatic;
				INFOPLIST_FILE = EnsuestaTests/Info.plist;
				LD_RUNPATH_SEARCH_PATHS = (
					"$(inherited)",
					"@executable_path/Frameworks",
					"@loader_path/Frameworks",
				);
				PRODUCT_BUNDLE_IDENTIFIER = edu.ulsa.EnsuestaTests;
				PRODUCT_NAME = "$(TARGET_NAME)";
				SWIFT_VERSION = 5.0;
				TARGETED_DEVICE_FAMILY = "1,2";
				TEST_HOST = "$(BUILT_PRODUCTS_DIR)/Ensuesta.app/Ensuesta";
			};
			name = Release;
		};
		3D0D7D8927DC00FB0085986D /* Debug */ = {
			isa = XCBuildConfiguration;
			buildSettings = {
				ALWAYS_EMBED_SWIFT_STANDARD_LIBRARIES = YES;
				CODE_SIGN_STYLE = Automatic;
				INFOPLIST_FILE = EnsuestaUITests/Info.plist;
				LD_RUNPATH_SEARCH_PATHS = (
					"$(inherited)",
					"@executable_path/Frameworks",
					"@loader_path/Frameworks",
				);
				PRODUCT_BUNDLE_IDENTIFIER = edu.ulsa.EnsuestaUITests;
				PRODUCT_NAME = "$(TARGET_NAME)";
				SWIFT_VERSION = 5.0;
				TARGETED_DEVICE_FAMILY = "1,2";
				TEST_TARGET_NAME = Ensuesta;
			};
			name = Debug;
		};
		3D0D7D8A27DC00FB0085986D /* Release */ = {
			isa = XCBuildConfiguration;
			buildSettings = {
				ALWAYS_EMBED_SWIFT_STANDARD_LIBRARIES = YES;
				CODE_SIGN_STYLE = Automatic;
				INFOPLIST_FILE = EnsuestaUITests/Info.plist;
				LD_RUNPATH_SEARCH_PATHS = (
					"$(inherited)",
					"@executable_path/Frameworks",
					"@loader_path/Frameworks",
				);
				PRODUCT_BUNDLE_IDENTIFIER = edu.ulsa.EnsuestaUITests;
				PRODUCT_NAME = "$(TARGET_NAME)";
				SWIFT_VERSION = 5.0;
				TARGETED_DEVICE_FAMILY = "1,2";
				TEST_TARGET_NAME = Ensuesta;
			};
			name = Release;
		};
/* End XCBuildConfiguration section */

/* Begin XCConfigurationList section */
		3D0D7D5527DC00F70085986D /* Build configuration list for PBXProject "Ensuesta" */ = {
			isa = XCConfigurationList;
			buildConfigurations = (
				3D0D7D8027DC00FB0085986D /* Debug */,
				3D0D7D8127DC00FB0085986D /* Release */,
			);
			defaultConfigurationIsVisible = 0;
			defaultConfigurationName = Release;
		};
		3D0D7D8227DC00FB0085986D /* Build configuration list for PBXNativeTarget "Ensuesta" */ = {
			isa = XCConfigurationList;
			buildConfigurations = (
				3D0D7D8327DC00FB0085986D /* Debug */,
				3D0D7D8427DC00FB0085986D /* Release */,
			);
			defaultConfigurationIsVisible = 0;
			defaultConfigurationName = Release;
		};
		3D0D7D8527DC00FB0085986D /* Build configuration list for PBXNativeTarget "EnsuestaTests" */ = {
			isa = XCConfigurationList;
			buildConfigurations = (
				3D0D7D8627DC00FB0085986D /* Debug */,
				3D0D7D8727DC00FB0085986D /* Release */,
			);
			defaultConfigurationIsVisible = 0;
			defaultConfigurationName = Release;
		};
		3D0D7D8827DC00FB0085986D /* Build configuration list for PBXNativeTarget "EnsuestaUITests" */ = {
			isa = XCConfigurationList;
			buildConfigurations = (
				3D0D7D8927DC00FB0085986D /* Debug */,
				3D0D7D8A27DC00FB0085986D /* Release */,
			);
			defaultConfigurationIsVisible = 0;
			defaultConfigurationName = Release;
		};
/* End XCConfigurationList section */
	};
	rootObject = 3D0D7D5227DC00F70085986D /* Project object */;
}
